// !$*UTF8*$!
{
	archiveVersion = 1;
	classes = {
	};
	objectVersion = 56;
	objects = {

/* Begin PBXBuildFile section */
		6D4878BD296DF60F007D0EF7 /* ProfileViewModel.swift in Sources */ = {isa = PBXBuildFile; fileRef = 6D4878BC296DF60F007D0EF7 /* ProfileViewModel.swift */; };
		6D4878BF296E059F007D0EF7 /* ProfileModel.swift in Sources */ = {isa = PBXBuildFile; fileRef = 6D4878BE296E059F007D0EF7 /* ProfileModel.swift */; };
		6D7A8DF8296898D700D303B1 /* AppDelegate.swift in Sources */ = {isa = PBXBuildFile; fileRef = 6D7A8DF7296898D700D303B1 /* AppDelegate.swift */; };
		6D7A8DFA296898D700D303B1 /* SceneDelegate.swift in Sources */ = {isa = PBXBuildFile; fileRef = 6D7A8DF9296898D700D303B1 /* SceneDelegate.swift */; };
		6D7A8DFF296898D700D303B1 /* Main.storyboard in Resources */ = {isa = PBXBuildFile; fileRef = 6D7A8DFD296898D700D303B1 /* Main.storyboard */; };
		6D7A8E01296898DC00D303B1 /* Assets.xcassets in Resources */ = {isa = PBXBuildFile; fileRef = 6D7A8E00296898DC00D303B1 /* Assets.xcassets */; };
		6D7A8E04296898DC00D303B1 /* LaunchScreen.storyboard in Resources */ = {isa = PBXBuildFile; fileRef = 6D7A8E02296898DC00D303B1 /* LaunchScreen.storyboard */; };
		6D80217D2975F8CF00349252 /* UsersViewModelTests.swift in Sources */ = {isa = PBXBuildFile; fileRef = 6D80217C2975F8CF00349252 /* UsersViewModelTests.swift */; };
		6D9D493D2987104900DC341F /* ProfileViewModelTests.swift in Sources */ = {isa = PBXBuildFile; fileRef = 6D9D493C2987104900DC341F /* ProfileViewModelTests.swift */; };
		6DB97111296CA057008C783C /* ProfileViewController.swift in Sources */ = {isa = PBXBuildFile; fileRef = 6DB97110296CA057008C783C /* ProfileViewController.swift */; };
		6DE2F3A62968A17100E93D67 /* UsersViewController.swift in Sources */ = {isa = PBXBuildFile; fileRef = 6DE2F3A52968A17100E93D67 /* UsersViewController.swift */; };
		6DE2F3AA2968A61900E93D67 /* UserCell.swift in Sources */ = {isa = PBXBuildFile; fileRef = 6DE2F3A92968A61900E93D67 /* UserCell.swift */; };
		6DFD93F42969E5ED00F8D939 /* UsersViewModel.swift in Sources */ = {isa = PBXBuildFile; fileRef = 6DFD93F32969E5ED00F8D939 /* UsersViewModel.swift */; };
		6DFD93F62969E7E100F8D939 /* UserModel.swift in Sources */ = {isa = PBXBuildFile; fileRef = 6DFD93F52969E7E100F8D939 /* UserModel.swift */; };
		6DFD93F92969F15D00F8D939 /* APIService.swift in Sources */ = {isa = PBXBuildFile; fileRef = 6DFD93F82969F15D00F8D939 /* APIService.swift */; };
/* End PBXBuildFile section */

/* Begin PBXContainerItemProxy section */
		6D8021772975F87B00349252 /* PBXContainerItemProxy */ = {
			isa = PBXContainerItemProxy;
			containerPortal = 6D7A8DEC296898D700D303B1 /* Project object */;
			proxyType = 1;
			remoteGlobalIDString = 6D7A8DF3296898D700D303B1;
			remoteInfo = "github-users-api";
		};
/* End PBXContainerItemProxy section */

/* Begin PBXFileReference section */
		6D4878BC296DF60F007D0EF7 /* ProfileViewModel.swift */ = {isa = PBXFileReference; lastKnownFileType = sourcecode.swift; path = ProfileViewModel.swift; sourceTree = "<group>"; };
		6D4878BE296E059F007D0EF7 /* ProfileModel.swift */ = {isa = PBXFileReference; lastKnownFileType = sourcecode.swift; path = ProfileModel.swift; sourceTree = "<group>"; };
		6D7A8DF4296898D700D303B1 /* github-users-api.app */ = {isa = PBXFileReference; explicitFileType = wrapper.application; includeInIndex = 0; path = "github-users-api.app"; sourceTree = BUILT_PRODUCTS_DIR; };
		6D7A8DF7296898D700D303B1 /* AppDelegate.swift */ = {isa = PBXFileReference; lastKnownFileType = sourcecode.swift; path = AppDelegate.swift; sourceTree = "<group>"; };
		6D7A8DF9296898D700D303B1 /* SceneDelegate.swift */ = {isa = PBXFileReference; lastKnownFileType = sourcecode.swift; path = SceneDelegate.swift; sourceTree = "<group>"; };
		6D7A8DFE296898D700D303B1 /* Base */ = {isa = PBXFileReference; lastKnownFileType = file.storyboard; name = Base; path = Base.lproj/Main.storyboard; sourceTree = "<group>"; };
		6D7A8E00296898DC00D303B1 /* Assets.xcassets */ = {isa = PBXFileReference; lastKnownFileType = folder.assetcatalog; path = Assets.xcassets; sourceTree = "<group>"; };
		6D7A8E03296898DC00D303B1 /* Base */ = {isa = PBXFileReference; lastKnownFileType = file.storyboard; name = Base; path = Base.lproj/LaunchScreen.storyboard; sourceTree = "<group>"; };
		6D7A8E05296898DC00D303B1 /* Info.plist */ = {isa = PBXFileReference; lastKnownFileType = text.plist.xml; path = Info.plist; sourceTree = "<group>"; };
		6D8021732975F87B00349252 /* github-users-apiTests.xctest */ = {isa = PBXFileReference; explicitFileType = wrapper.cfbundle; includeInIndex = 0; path = "github-users-apiTests.xctest"; sourceTree = BUILT_PRODUCTS_DIR; };
		6D80217C2975F8CF00349252 /* UsersViewModelTests.swift */ = {isa = PBXFileReference; lastKnownFileType = sourcecode.swift; path = UsersViewModelTests.swift; sourceTree = "<group>"; };
		6D9D493C2987104900DC341F /* ProfileViewModelTests.swift */ = {isa = PBXFileReference; lastKnownFileType = sourcecode.swift; path = ProfileViewModelTests.swift; sourceTree = "<group>"; };
		6DB97110296CA057008C783C /* ProfileViewController.swift */ = {isa = PBXFileReference; lastKnownFileType = sourcecode.swift; path = ProfileViewController.swift; sourceTree = "<group>"; };
		6DE2F3A52968A17100E93D67 /* UsersViewController.swift */ = {isa = PBXFileReference; lastKnownFileType = sourcecode.swift; path = UsersViewController.swift; sourceTree = "<group>"; };
		6DE2F3A92968A61900E93D67 /* UserCell.swift */ = {isa = PBXFileReference; lastKnownFileType = sourcecode.swift; path = UserCell.swift; sourceTree = "<group>"; };
		6DFD93F32969E5ED00F8D939 /* UsersViewModel.swift */ = {isa = PBXFileReference; lastKnownFileType = sourcecode.swift; path = UsersViewModel.swift; sourceTree = "<group>"; };
		6DFD93F52969E7E100F8D939 /* UserModel.swift */ = {isa = PBXFileReference; lastKnownFileType = sourcecode.swift; path = UserModel.swift; sourceTree = "<group>"; };
		6DFD93F82969F15D00F8D939 /* APIService.swift */ = {isa = PBXFileReference; lastKnownFileType = sourcecode.swift; path = APIService.swift; sourceTree = "<group>"; };
/* End PBXFileReference section */

/* Begin PBXFrameworksBuildPhase section */
		6D7A8DF1296898D700D303B1 /* Frameworks */ = {
			isa = PBXFrameworksBuildPhase;
			buildActionMask = 2147483647;
			files = (
			);
			runOnlyForDeploymentPostprocessing = 0;
		};
		6D8021702975F87B00349252 /* Frameworks */ = {
			isa = PBXFrameworksBuildPhase;
			buildActionMask = 2147483647;
			files = (
			);
			runOnlyForDeploymentPostprocessing = 0;
		};
/* End PBXFrameworksBuildPhase section */

/* Begin PBXGroup section */
		6D7A8DEB296898D700D303B1 = {
			isa = PBXGroup;
			children = (
				6D7A8DF6296898D700D303B1 /* github-users-api */,
				6D8021742975F87B00349252 /* github-users-apiTests */,
				6D7A8DF5296898D700D303B1 /* Products */,
			);
			sourceTree = "<group>";
		};
		6D7A8DF5296898D700D303B1 /* Products */ = {
			isa = PBXGroup;
			children = (
				6D7A8DF4296898D700D303B1 /* github-users-api.app */,
				6D8021732975F87B00349252 /* github-users-apiTests.xctest */,
			);
			name = Products;
			sourceTree = "<group>";
		};
		6D7A8DF6296898D700D303B1 /* github-users-api */ = {
			isa = PBXGroup;
			children = (
				6D7A8DF7296898D700D303B1 /* AppDelegate.swift */,
				6D7A8DF9296898D700D303B1 /* SceneDelegate.swift */,
				6DFD93F82969F15D00F8D939 /* APIService.swift */,
				6DFD93F72969E8D900F8D939 /* Users */,
				6D80216E2975F3D300349252 /* Profile */,
				6D7A8DFD296898D700D303B1 /* Main.storyboard */,
				6D7A8E00296898DC00D303B1 /* Assets.xcassets */,
				6D7A8E02296898DC00D303B1 /* LaunchScreen.storyboard */,
				6D7A8E05296898DC00D303B1 /* Info.plist */,
			);
			path = "github-users-api";
			sourceTree = "<group>";
		};
		6D80216E2975F3D300349252 /* Profile */ = {
			isa = PBXGroup;
			children = (
				6D4878BE296E059F007D0EF7 /* ProfileModel.swift */,
				6D4878BC296DF60F007D0EF7 /* ProfileViewModel.swift */,
				6DB97110296CA057008C783C /* ProfileViewController.swift */,
			);
			path = Profile;
			sourceTree = "<group>";
		};
		6D8021742975F87B00349252 /* github-users-apiTests */ = {
			isa = PBXGroup;
			children = (
				6D80217C2975F8CF00349252 /* UsersViewModelTests.swift */,
				6D9D493C2987104900DC341F /* ProfileViewModelTests.swift */,
			);
			path = "github-users-apiTests";
			sourceTree = "<group>";
		};
		6DFD93F72969E8D900F8D939 /* Users */ = {
			isa = PBXGroup;
			children = (
				6DFD93F52969E7E100F8D939 /* UserModel.swift */,
				6DFD93F32969E5ED00F8D939 /* UsersViewModel.swift */,
				6DE2F3A52968A17100E93D67 /* UsersViewController.swift */,
				6DE2F3A92968A61900E93D67 /* UserCell.swift */,
			);
			path = Users;
			sourceTree = "<group>";
		};
/* End PBXGroup section */

/* Begin PBXNativeTarget section */
		6D7A8DF3296898D700D303B1 /* github-users-api */ = {
			isa = PBXNativeTarget;
			buildConfigurationList = 6D7A8E08296898DC00D303B1 /* Build configuration list for PBXNativeTarget "github-users-api" */;
			buildPhases = (
				6D7A8DF0296898D700D303B1 /* Sources */,
				6D7A8DF1296898D700D303B1 /* Frameworks */,
				6D7A8DF2296898D700D303B1 /* Resources */,
			);
			buildRules = (
			);
			dependencies = (
			);
			name = "github-users-api";
			productName = "github-users-api";
			productReference = 6D7A8DF4296898D700D303B1 /* github-users-api.app */;
			productType = "com.apple.product-type.application";
		};
		6D8021722975F87B00349252 /* github-users-apiTests */ = {
			isa = PBXNativeTarget;
			buildConfigurationList = 6D8021792975F87B00349252 /* Build configuration list for PBXNativeTarget "github-users-apiTests" */;
			buildPhases = (
				6D80216F2975F87B00349252 /* Sources */,
				6D8021702975F87B00349252 /* Frameworks */,
				6D8021712975F87B00349252 /* Resources */,
			);
			buildRules = (
			);
			dependencies = (
				6D8021782975F87B00349252 /* PBXTargetDependency */,
			);
			name = "github-users-apiTests";
			productName = "github-users-apiTests";
			productReference = 6D8021732975F87B00349252 /* github-users-apiTests.xctest */;
			productType = "com.apple.product-type.bundle.unit-test";
		};
/* End PBXNativeTarget section */

/* Begin PBXProject section */
		6D7A8DEC296898D700D303B1 /* Project object */ = {
			isa = PBXProject;
			attributes = {
				BuildIndependentTargetsInParallel = 1;
				LastSwiftUpdateCheck = 1410;
				LastUpgradeCheck = 1410;
				TargetAttributes = {
					6D7A8DF3296898D700D303B1 = {
						CreatedOnToolsVersion = 14.1;
					};
					6D8021722975F87B00349252 = {
						CreatedOnToolsVersion = 14.1;
						LastSwiftMigration = 1410;
						TestTargetID = 6D7A8DF3296898D700D303B1;
					};
				};
			};
			buildConfigurationList = 6D7A8DEF296898D700D303B1 /* Build configuration list for PBXProject "github-users-api" */;
			compatibilityVersion = "Xcode 14.0";
			developmentRegion = en;
			hasScannedForEncodings = 0;
			knownRegions = (
				en,
				Base,
			);
			mainGroup = 6D7A8DEB296898D700D303B1;
			productRefGroup = 6D7A8DF5296898D700D303B1 /* Products */;
			projectDirPath = "";
			projectRoot = "";
			targets = (
				6D7A8DF3296898D700D303B1 /* github-users-api */,
				6D8021722975F87B00349252 /* github-users-apiTests */,
			);
		};
/* End PBXProject section */

/* Begin PBXResourcesBuildPhase section */
		6D7A8DF2296898D700D303B1 /* Resources */ = {
			isa = PBXResourcesBuildPhase;
			buildActionMask = 2147483647;
			files = (
				6D7A8E04296898DC00D303B1 /* LaunchScreen.storyboard in Resources */,
				6D7A8E01296898DC00D303B1 /* Assets.xcassets in Resources */,
				6D7A8DFF296898D700D303B1 /* Main.storyboard in Resources */,
			);
			runOnlyForDeploymentPostprocessing = 0;
		};
		6D8021712975F87B00349252 /* Resources */ = {
			isa = PBXResourcesBuildPhase;
			buildActionMask = 2147483647;
			files = (
			);
			runOnlyForDeploymentPostprocessing = 0;
		};
/* End PBXResourcesBuildPhase section */

/* Begin PBXSourcesBuildPhase section */
		6D7A8DF0296898D700D303B1 /* Sources */ = {
			isa = PBXSourcesBuildPhase;
			buildActionMask = 2147483647;
			files = (
				6DE2F3AA2968A61900E93D67 /* UserCell.swift in Sources */,
				6DFD93F92969F15D00F8D939 /* APIService.swift in Sources */,
				6D7A8DF8296898D700D303B1 /* AppDelegate.swift in Sources */,
				6D4878BD296DF60F007D0EF7 /* ProfileViewModel.swift in Sources */,
				6DFD93F62969E7E100F8D939 /* UserModel.swift in Sources */,
				6D4878BF296E059F007D0EF7 /* ProfileModel.swift in Sources */,
				6DE2F3A62968A17100E93D67 /* UsersViewController.swift in Sources */,
				6D7A8DFA296898D700D303B1 /* SceneDelegate.swift in Sources */,
				6DB97111296CA057008C783C /* ProfileViewController.swift in Sources */,
				6DFD93F42969E5ED00F8D939 /* UsersViewModel.swift in Sources */,
			);
			runOnlyForDeploymentPostprocessing = 0;
		};
		6D80216F2975F87B00349252 /* Sources */ = {
			isa = PBXSourcesBuildPhase;
			buildActionMask = 2147483647;
			files = (
				6D9D493D2987104900DC341F /* ProfileViewModelTests.swift in Sources */,
				6D80217D2975F8CF00349252 /* UsersViewModelTests.swift in Sources */,
			);
			runOnlyForDeploymentPostprocessing = 0;
		};
/* End PBXSourcesBuildPhase section */

/* Begin PBXTargetDependency section */
		6D8021782975F87B00349252 /* PBXTargetDependency */ = {
			isa = PBXTargetDependency;
			target = 6D7A8DF3296898D700D303B1 /* github-users-api */;
			targetProxy = 6D8021772975F87B00349252 /* PBXContainerItemProxy */;
		};
/* End PBXTargetDependency section */

/* Begin PBXVariantGroup section */
		6D7A8DFD296898D700D303B1 /* Main.storyboard */ = {
			isa = PBXVariantGroup;
			children = (
				6D7A8DFE296898D700D303B1 /* Base */,
			);
			name = Main.storyboard;
			sourceTree = "<group>";
		};
		6D7A8E02296898DC00D303B1 /* LaunchScreen.storyboard */ = {
			isa = PBXVariantGroup;
			children = (
				6D7A8E03296898DC00D303B1 /* Base */,
			);
			name = LaunchScreen.storyboard;
			sourceTree = "<group>";
		};
/* End PBXVariantGroup section */

/* Begin XCBuildConfiguration section */
		6D7A8E06296898DC00D303B1 /* Debug */ = {
			isa = XCBuildConfiguration;
			buildSettings = {
				ALWAYS_SEARCH_USER_PATHS = NO;
				CLANG_ANALYZER_NONNULL = YES;
				CLANG_ANALYZER_NUMBER_OBJECT_CONVERSION = YES_AGGRESSIVE;
				CLANG_CXX_LANGUAGE_STANDARD = "gnu++20";
				CLANG_ENABLE_MODULES = YES;
				CLANG_ENABLE_OBJC_ARC = YES;
				CLANG_ENABLE_OBJC_WEAK = YES;
				CLANG_WARN_BLOCK_CAPTURE_AUTORELEASING = YES;
				CLANG_WARN_BOOL_CONVERSION = YES;
				CLANG_WARN_COMMA = YES;
				CLANG_WARN_CONSTANT_CONVERSION = YES;
				CLANG_WARN_DEPRECATED_OBJC_IMPLEMENTATIONS = YES;
				CLANG_WARN_DIRECT_OBJC_ISA_USAGE = YES_ERROR;
				CLANG_WARN_DOCUMENTATION_COMMENTS = YES;
				CLANG_WARN_EMPTY_BODY = YES;
				CLANG_WARN_ENUM_CONVERSION = YES;
				CLANG_WARN_INFINITE_RECURSION = YES;
				CLANG_WARN_INT_CONVERSION = YES;
				CLANG_WARN_NON_LITERAL_NULL_CONVERSION = YES;
				CLANG_WARN_OBJC_IMPLICIT_RETAIN_SELF = YES;
				CLANG_WARN_OBJC_LITERAL_CONVERSION = YES;
				CLANG_WARN_OBJC_ROOT_CLASS = YES_ERROR;
				CLANG_WARN_QUOTED_INCLUDE_IN_FRAMEWORK_HEADER = YES;
				CLANG_WARN_RANGE_LOOP_ANALYSIS = YES;
				CLANG_WARN_STRICT_PROTOTYPES = YES;
				CLANG_WARN_SUSPICIOUS_MOVE = YES;
				CLANG_WARN_UNGUARDED_AVAILABILITY = YES_AGGRESSIVE;
				CLANG_WARN_UNREACHABLE_CODE = YES;
				CLANG_WARN__DUPLICATE_METHOD_MATCH = YES;
				COPY_PHASE_STRIP = NO;
				DEBUG_INFORMATION_FORMAT = dwarf;
				ENABLE_STRICT_OBJC_MSGSEND = YES;
				ENABLE_TESTABILITY = YES;
				GCC_C_LANGUAGE_STANDARD = gnu11;
				GCC_DYNAMIC_NO_PIC = NO;
				GCC_NO_COMMON_BLOCKS = YES;
				GCC_OPTIMIZATION_LEVEL = 0;
				GCC_PREPROCESSOR_DEFINITIONS = (
					"DEBUG=1",
					"$(inherited)",
				);
				GCC_WARN_64_TO_32_BIT_CONVERSION = YES;
				GCC_WARN_ABOUT_RETURN_TYPE = YES_ERROR;
				GCC_WARN_UNDECLARED_SELECTOR = YES;
				GCC_WARN_UNINITIALIZED_AUTOS = YES_AGGRESSIVE;
				GCC_WARN_UNUSED_FUNCTION = YES;
				GCC_WARN_UNUSED_VARIABLE = YES;
				IPHONEOS_DEPLOYMENT_TARGET = 16.1;
				MTL_ENABLE_DEBUG_INFO = INCLUDE_SOURCE;
				MTL_FAST_MATH = YES;
				ONLY_ACTIVE_ARCH = YES;
				SDKROOT = iphoneos;
				SWIFT_ACTIVE_COMPILATION_CONDITIONS = DEBUG;
				SWIFT_OPTIMIZATION_LEVEL = "-Onone";
			};
			name = Debug;
		};
		6D7A8E07296898DC00D303B1 /* Release */ = {
			isa = XCBuildConfiguration;
			buildSettings = {
				ALWAYS_SEARCH_USER_PATHS = NO;
				CLANG_ANALYZER_NONNULL = YES;
				CLANG_ANALYZER_NUMBER_OBJECT_CONVERSION = YES_AGGRESSIVE;
				CLANG_CXX_LANGUAGE_STANDARD = "gnu++20";
				CLANG_ENABLE_MODULES = YES;
				CLANG_ENABLE_OBJC_ARC = YES;
				CLANG_ENABLE_OBJC_WEAK = YES;
				CLANG_WARN_BLOCK_CAPTURE_AUTORELEASING = YES;
				CLANG_WARN_BOOL_CONVERSION = YES;
				CLANG_WARN_COMMA = YES;
				CLANG_WARN_CONSTANT_CONVERSION = YES;
				CLANG_WARN_DEPRECATED_OBJC_IMPLEMENTATIONS = YES;
				CLANG_WARN_DIRECT_OBJC_ISA_USAGE = YES_ERROR;
				CLANG_WARN_DOCUMENTATION_COMMENTS = YES;
				CLANG_WARN_EMPTY_BODY = YES;
				CLANG_WARN_ENUM_CONVERSION = YES;
				CLANG_WARN_INFINITE_RECURSION = YES;
				CLANG_WARN_INT_CONVERSION = YES;
				CLANG_WARN_NON_LITERAL_NULL_CONVERSION = YES;
				CLANG_WARN_OBJC_IMPLICIT_RETAIN_SELF = YES;
				CLANG_WARN_OBJC_LITERAL_CONVERSION = YES;
				CLANG_WARN_OBJC_ROOT_CLASS = YES_ERROR;
				CLANG_WARN_QUOTED_INCLUDE_IN_FRAMEWORK_HEADER = YES;
				CLANG_WARN_RANGE_LOOP_ANALYSIS = YES;
				CLANG_WARN_STRICT_PROTOTYPES = YES;
				CLANG_WARN_SUSPICIOUS_MOVE = YES;
				CLANG_WARN_UNGUARDED_AVAILABILITY = YES_AGGRESSIVE;
				CLANG_WARN_UNREACHABLE_CODE = YES;
				CLANG_WARN__DUPLICATE_METHOD_MATCH = YES;
				COPY_PHASE_STRIP = NO;
				DEBUG_INFORMATION_FORMAT = "dwarf-with-dsym";
				ENABLE_NS_ASSERTIONS = NO;
				ENABLE_STRICT_OBJC_MSGSEND = YES;
				GCC_C_LANGUAGE_STANDARD = gnu11;
				GCC_NO_COMMON_BLOCKS = YES;
				GCC_WARN_64_TO_32_BIT_CONVERSION = YES;
				GCC_WARN_ABOUT_RETURN_TYPE = YES_ERROR;
				GCC_WARN_UNDECLARED_SELECTOR = YES;
				GCC_WARN_UNINITIALIZED_AUTOS = YES_AGGRESSIVE;
				GCC_WARN_UNUSED_FUNCTION = YES;
				GCC_WARN_UNUSED_VARIABLE = YES;
				IPHONEOS_DEPLOYMENT_TARGET = 16.1;
				MTL_ENABLE_DEBUG_INFO = NO;
				MTL_FAST_MATH = YES;
				SDKROOT = iphoneos;
				SWIFT_COMPILATION_MODE = wholemodule;
				SWIFT_OPTIMIZATION_LEVEL = "-O";
				VALIDATE_PRODUCT = YES;
			};
			name = Release;
		};
		6D7A8E09296898DC00D303B1 /* Debug */ = {
			isa = XCBuildConfiguration;
			buildSettings = {
				ASSETCATALOG_COMPILER_APPICON_NAME = AppIcon;
				ASSETCATALOG_COMPILER_GLOBAL_ACCENT_COLOR_NAME = AccentColor;
				CODE_SIGN_STYLE = Automatic;
				CURRENT_PROJECT_VERSION = 1;
				DEVELOPMENT_TEAM = 338Q9978G6;
				GENERATE_INFOPLIST_FILE = YES;
				INFOPLIST_FILE = "github-users-api/Info.plist";
				INFOPLIST_KEY_UIApplicationSupportsIndirectInputEvents = YES;
				INFOPLIST_KEY_UILaunchStoryboardName = LaunchScreen;
				INFOPLIST_KEY_UIMainStoryboardFile = Main;
				INFOPLIST_KEY_UISupportedInterfaceOrientations_iPad = "UIInterfaceOrientationPortrait UIInterfaceOrientationPortraitUpsideDown UIInterfaceOrientationLandscapeLeft UIInterfaceOrientationLandscapeRight";
				INFOPLIST_KEY_UISupportedInterfaceOrientations_iPhone = "UIInterfaceOrientationPortrait UIInterfaceOrientationLandscapeLeft UIInterfaceOrientationLandscapeRight";
				IPHONEOS_DEPLOYMENT_TARGET = 13.0;
				LD_RUNPATH_SEARCH_PATHS = (
					"$(inherited)",
					"@executable_path/Frameworks",
				);
				MARKETING_VERSION = 1.0;
				PRODUCT_BUNDLE_IDENTIFIER = "nahidul.github-users-api";
				PRODUCT_NAME = "$(TARGET_NAME)";
				SWIFT_EMIT_LOC_STRINGS = YES;
				SWIFT_VERSION = 5.0;
				TARGETED_DEVICE_FAMILY = "1,2";
			};
			name = Debug;
		};
		6D7A8E0A296898DC00D303B1 /* Release */ = {
			isa = XCBuildConfiguration;
			buildSettings = {
				ASSETCATALOG_COMPILER_APPICON_NAME = AppIcon;
				ASSETCATALOG_COMPILER_GLOBAL_ACCENT_COLOR_NAME = AccentColor;
				CODE_SIGN_STYLE = Automatic;
				CURRENT_PROJECT_VERSION = 1;
				DEVELOPMENT_TEAM = 338Q9978G6;
				GENERATE_INFOPLIST_FILE = YES;
				INFOPLIST_FILE = "github-users-api/Info.plist";
				INFOPLIST_KEY_UIApplicationSupportsIndirectInputEvents = YES;
				INFOPLIST_KEY_UILaunchStoryboardName = LaunchScreen;
				INFOPLIST_KEY_UIMainStoryboardFile = Main;
				INFOPLIST_KEY_UISupportedInterfaceOrientations_iPad = "UIInterfaceOrientationPortrait UIInterfaceOrientationPortraitUpsideDown UIInterfaceOrientationLandscapeLeft UIInterfaceOrientationLandscapeRight";
				INFOPLIST_KEY_UISupportedInterfaceOrientations_iPhone = "UIInterfaceOrientationPortrait UIInterfaceOrientationLandscapeLeft UIInterfaceOrientationLandscapeRight";
				IPHONEOS_DEPLOYMENT_TARGET = 13.0;
				LD_RUNPATH_SEARCH_PATHS = (
					"$(inherited)",
					"@executable_path/Frameworks",
				);
				MARKETING_VERSION = 1.0;
				PRODUCT_BUNDLE_IDENTIFIER = "nahidul.github-users-api";
				PRODUCT_NAME = "$(TARGET_NAME)";
				SWIFT_EMIT_LOC_STRINGS = YES;
				SWIFT_VERSION = 5.0;
				TARGETED_DEVICE_FAMILY = "1,2";
			};
			name = Release;
		};
		6D80217A2975F87B00349252 /* Debug */ = {
			isa = XCBuildConfiguration;
			buildSettings = {
				BUNDLE_LOADER = "$(TEST_HOST)";
				CLANG_ENABLE_MODULES = YES;
				CODE_SIGN_STYLE = Automatic;
				CURRENT_PROJECT_VERSION = 1;
				DEVELOPMENT_TEAM = 338Q9978G6;
				GENERATE_INFOPLIST_FILE = YES;
				LD_RUNPATH_SEARCH_PATHS = (
					"$(inherited)",
					"@executable_path/Frameworks",
					"@loader_path/Frameworks",
				);
				MARKETING_VERSION = 1.0;
				PRODUCT_BUNDLE_IDENTIFIER = "nahidul.github-users-apiTests";
				PRODUCT_NAME = "$(TARGET_NAME)";
				SWIFT_EMIT_LOC_STRINGS = NO;
				SWIFT_OPTIMIZATION_LEVEL = "-Onone";
				SWIFT_VERSION = 5.0;
				TARGETED_DEVICE_FAMILY = "1,2";
				TEST_HOST = "$(BUILT_PRODUCTS_DIR)/github-users-api.app/$(BUNDLE_EXECUTABLE_FOLDER_PATH)/github-users-api";
			};
			name = Debug;
		};
		6D80217B2975F87B00349252 /* Release */ = {
			isa = XCBuildConfiguration;
			buildSettings = {
				BUNDLE_LOADER = "$(TEST_HOST)";
				CLANG_ENABLE_MODULES = YES;
				CODE_SIGN_STYLE = Automatic;
				CURRENT_PROJECT_VERSION = 1;
				DEVELOPMENT_TEAM = 338Q9978G6;
				GENERATE_INFOPLIST_FILE = YES;
				LD_RUNPATH_SEARCH_PATHS = (
					"$(inherited)",
					"@executable_path/Frameworks",
					"@loader_path/Frameworks",
				);
				MARKETING_VERSION = 1.0;
				PRODUCT_BUNDLE_IDENTIFIER = "nahidul.github-users-apiTests";
				PRODUCT_NAME = "$(TARGET_NAME)";
				SWIFT_EMIT_LOC_STRINGS = NO;
				SWIFT_VERSION = 5.0;
				TARGETED_DEVICE_FAMILY = "1,2";
				TEST_HOST = "$(BUILT_PRODUCTS_DIR)/github-users-api.app/$(BUNDLE_EXECUTABLE_FOLDER_PATH)/github-users-api";
			};
			name = Release;
		};
/* End XCBuildConfiguration section */

/* Begin XCConfigurationList section */
		6D7A8DEF296898D700D303B1 /* Build configuration list for PBXProject "github-users-api" */ = {
			isa = XCConfigurationList;
			buildConfigurations = (
				6D7A8E06296898DC00D303B1 /* Debug */,
				6D7A8E07296898DC00D303B1 /* Release */,
			);
			defaultConfigurationIsVisible = 0;
			defaultConfigurationName = Release;
		};
		6D7A8E08296898DC00D303B1 /* Build configuration list for PBXNativeTarget "github-users-api" */ = {
			isa = XCConfigurationList;
			buildConfigurations = (
				6D7A8E09296898DC00D303B1 /* Debug */,
				6D7A8E0A296898DC00D303B1 /* Release */,
			);
			defaultConfigurationIsVisible = 0;
			defaultConfigurationName = Release;
		};
		6D8021792975F87B00349252 /* Build configuration list for PBXNativeTarget "github-users-apiTests" */ = {
			isa = XCConfigurationList;
			buildConfigurations = (
				6D80217A2975F87B00349252 /* Debug */,
				6D80217B2975F87B00349252 /* Release */,
			);
			defaultConfigurationIsVisible = 0;
			defaultConfigurationName = Release;
		};
/* End XCConfigurationList section */
	};
	rootObject = 6D7A8DEC296898D700D303B1 /* Project object */;
}
